// !$*UTF8*$!
{
	archiveVersion = 1;
	classes = {
	};
	objectVersion = 56;
	objects = {

/* Begin PBXBuildFile section */
		90B046192BDC5D16000718DC /* EventbriteApp.swift in Sources */ = {isa = PBXBuildFile; fileRef = 90B046182BDC5D16000718DC /* EventbriteApp.swift */; };
		90B0461B2BDC5D16000718DC /* ContentView.swift in Sources */ = {isa = PBXBuildFile; fileRef = 90B0461A2BDC5D16000718DC /* ContentView.swift */; };
		90B0461D2BDC5D16000718DC /* Item.swift in Sources */ = {isa = PBXBuildFile; fileRef = 90B0461C2BDC5D16000718DC /* Item.swift */; };
		90B0461F2BDC5D1B000718DC /* Assets.xcassets in Resources */ = {isa = PBXBuildFile; fileRef = 90B0461E2BDC5D1B000718DC /* Assets.xcassets */; };
		90B046222BDC5D1B000718DC /* Preview Assets.xcassets in Resources */ = {isa = PBXBuildFile; fileRef = 90B046212BDC5D1B000718DC /* Preview Assets.xcassets */; };
		90B0462C2BDC5D1B000718DC /* EventbriteTests.swift in Sources */ = {isa = PBXBuildFile; fileRef = 90B0462B2BDC5D1B000718DC /* EventbriteTests.swift */; };
		90B046362BDC5D1B000718DC /* EventbriteUITests.swift in Sources */ = {isa = PBXBuildFile; fileRef = 90B046352BDC5D1B000718DC /* EventbriteUITests.swift */; };
		90B046382BDC5D1B000718DC /* EventbriteUITestsLaunchTests.swift in Sources */ = {isa = PBXBuildFile; fileRef = 90B046372BDC5D1B000718DC /* EventbriteUITestsLaunchTests.swift */; };
/* End PBXBuildFile section */

/* Begin PBXContainerItemProxy section */
		90B046282BDC5D1B000718DC /* PBXContainerItemProxy */ = {
			isa = PBXContainerItemProxy;
			containerPortal = 90B0460D2BDC5D16000718DC /* Project object */;
			proxyType = 1;
			remoteGlobalIDString = 90B046142BDC5D16000718DC;
			remoteInfo = Eventbrite;
		};
		90B046322BDC5D1B000718DC /* PBXContainerItemProxy */ = {
			isa = PBXContainerItemProxy;
			containerPortal = 90B0460D2BDC5D16000718DC /* Project object */;
			proxyType = 1;
			remoteGlobalIDString = 90B046142BDC5D16000718DC;
			remoteInfo = Eventbrite;
		};
/* End PBXContainerItemProxy section */

/* Begin PBXFileReference section */
		90B046152BDC5D16000718DC /* Eventbrite.app */ = {isa = PBXFileReference; explicitFileType = wrapper.application; includeInIndex = 0; path = Eventbrite.app; sourceTree = BUILT_PRODUCTS_DIR; };
		90B046182BDC5D16000718DC /* EventbriteApp.swift */ = {isa = PBXFileReference; lastKnownFileType = sourcecode.swift; path = EventbriteApp.swift; sourceTree = "<group>"; };
		90B0461A2BDC5D16000718DC /* ContentView.swift */ = {isa = PBXFileReference; lastKnownFileType = sourcecode.swift; path = ContentView.swift; sourceTree = "<group>"; };
		90B0461C2BDC5D16000718DC /* Item.swift */ = {isa = PBXFileReference; lastKnownFileType = sourcecode.swift; path = Item.swift; sourceTree = "<group>"; };
		90B0461E2BDC5D1B000718DC /* Assets.xcassets */ = {isa = PBXFileReference; lastKnownFileType = folder.assetcatalog; path = Assets.xcassets; sourceTree = "<group>"; };
		90B046212BDC5D1B000718DC /* Preview Assets.xcassets */ = {isa = PBXFileReference; lastKnownFileType = folder.assetcatalog; path = "Preview Assets.xcassets"; sourceTree = "<group>"; };
		90B046272BDC5D1B000718DC /* EventbriteTests.xctest */ = {isa = PBXFileReference; explicitFileType = wrapper.cfbundle; includeInIndex = 0; path = EventbriteTests.xctest; sourceTree = BUILT_PRODUCTS_DIR; };
		90B0462B2BDC5D1B000718DC /* EventbriteTests.swift */ = {isa = PBXFileReference; lastKnownFileType = sourcecode.swift; path = EventbriteTests.swift; sourceTree = "<group>"; };
		90B046312BDC5D1B000718DC /* EventbriteUITests.xctest */ = {isa = PBXFileReference; explicitFileType = wrapper.cfbundle; includeInIndex = 0; path = EventbriteUITests.xctest; sourceTree = BUILT_PRODUCTS_DIR; };
		90B046352BDC5D1B000718DC /* EventbriteUITests.swift */ = {isa = PBXFileReference; lastKnownFileType = sourcecode.swift; path = EventbriteUITests.swift; sourceTree = "<group>"; };
		90B046372BDC5D1B000718DC /* EventbriteUITestsLaunchTests.swift */ = {isa = PBXFileReference; lastKnownFileType = sourcecode.swift; path = EventbriteUITestsLaunchTests.swift; sourceTree = "<group>"; };
/* End PBXFileReference section */

/* Begin PBXFrameworksBuildPhase section */
		90B046122BDC5D16000718DC /* Frameworks */ = {
			isa = PBXFrameworksBuildPhase;
			buildActionMask = 2147483647;
			files = (
			);
			runOnlyForDeploymentPostprocessing = 0;
		};
		90B046242BDC5D1B000718DC /* Frameworks */ = {
			isa = PBXFrameworksBuildPhase;
			buildActionMask = 2147483647;
			files = (
			);
			runOnlyForDeploymentPostprocessing = 0;
		};
		90B0462E2BDC5D1B000718DC /* Frameworks */ = {
			isa = PBXFrameworksBuildPhase;
			buildActionMask = 2147483647;
			files = (
			);
			runOnlyForDeploymentPostprocessing = 0;
		};
/* End PBXFrameworksBuildPhase section */

/* Begin PBXGroup section */
		90B0460C2BDC5D16000718DC = {
			isa = PBXGroup;
			children = (
				90B046172BDC5D16000718DC /* Eventbrite */,
				90B0462A2BDC5D1B000718DC /* EventbriteTests */,
				90B046342BDC5D1B000718DC /* EventbriteUITests */,
				90B046162BDC5D16000718DC /* Products */,
			);
			sourceTree = "<group>";
		};
		90B046162BDC5D16000718DC /* Products */ = {
			isa = PBXGroup;
			children = (
				90B046152BDC5D16000718DC /* Eventbrite.app */,
				90B046272BDC5D1B000718DC /* EventbriteTests.xctest */,
				90B046312BDC5D1B000718DC /* EventbriteUITests.xctest */,
			);
			name = Products;
			sourceTree = "<group>";
		};
		90B046172BDC5D16000718DC /* Eventbrite */ = {
			isa = PBXGroup;
			children = (
				90B046182BDC5D16000718DC /* EventbriteApp.swift */,
				90B0461A2BDC5D16000718DC /* ContentView.swift */,
				90B0461C2BDC5D16000718DC /* Item.swift */,
				90B0461E2BDC5D1B000718DC /* Assets.xcassets */,
				90B046202BDC5D1B000718DC /* Preview Content */,
			);
			path = Eventbrite;
			sourceTree = "<group>";
		};
		90B046202BDC5D1B000718DC /* Preview Content */ = {
			isa = PBXGroup;
			children = (
				90B046212BDC5D1B000718DC /* Preview Assets.xcassets */,
			);
			path = "Preview Content";
			sourceTree = "<group>";
		};
		90B0462A2BDC5D1B000718DC /* EventbriteTests */ = {
			isa = PBXGroup;
			children = (
				90B0462B2BDC5D1B000718DC /* EventbriteTests.swift */,
			);
			path = EventbriteTests;
			sourceTree = "<group>";
		};
		90B046342BDC5D1B000718DC /* EventbriteUITests */ = {
			isa = PBXGroup;
			children = (
				90B046352BDC5D1B000718DC /* EventbriteUITests.swift */,
				90B046372BDC5D1B000718DC /* EventbriteUITestsLaunchTests.swift */,
			);
			path = EventbriteUITests;
			sourceTree = "<group>";
		};
/* End PBXGroup section */

/* Begin PBXNativeTarget section */
		90B046142BDC5D16000718DC /* Eventbrite */ = {
			isa = PBXNativeTarget;
			buildConfigurationList = 90B0463B2BDC5D1B000718DC /* Build configuration list for PBXNativeTarget "Eventbrite" */;
			buildPhases = (
				90B046112BDC5D16000718DC /* Sources */,
				90B046122BDC5D16000718DC /* Frameworks */,
				90B046132BDC5D16000718DC /* Resources */,
			);
			buildRules = (
			);
			dependencies = (
			);
			name = Eventbrite;
			productName = Eventbrite;
			productReference = 90B046152BDC5D16000718DC /* Eventbrite.app */;
			productType = "com.apple.product-type.application";
		};
		90B046262BDC5D1B000718DC /* EventbriteTests */ = {
			isa = PBXNativeTarget;
			buildConfigurationList = 90B0463E2BDC5D1B000718DC /* Build configuration list for PBXNativeTarget "EventbriteTests" */;
			buildPhases = (
				90B046232BDC5D1B000718DC /* Sources */,
				90B046242BDC5D1B000718DC /* Frameworks */,
				90B046252BDC5D1B000718DC /* Resources */,
			);
			buildRules = (
			);
			dependencies = (
				90B046292BDC5D1B000718DC /* PBXTargetDependency */,
			);
			name = EventbriteTests;
			productName = EventbriteTests;
			productReference = 90B046272BDC5D1B000718DC /* EventbriteTests.xctest */;
			productType = "com.apple.product-type.bundle.unit-test";
		};
		90B046302BDC5D1B000718DC /* EventbriteUITests */ = {
			isa = PBXNativeTarget;
			buildConfigurationList = 90B046412BDC5D1B000718DC /* Build configuration list for PBXNativeTarget "EventbriteUITests" */;
			buildPhases = (
				90B0462D2BDC5D1B000718DC /* Sources */,
				90B0462E2BDC5D1B000718DC /* Frameworks */,
				90B0462F2BDC5D1B000718DC /* Resources */,
			);
			buildRules = (
			);
			dependencies = (
				90B046332BDC5D1B000718DC /* PBXTargetDependency */,
			);
			name = EventbriteUITests;
			productName = EventbriteUITests;
			productReference = 90B046312BDC5D1B000718DC /* EventbriteUITests.xctest */;
			productType = "com.apple.product-type.bundle.ui-testing";
		};
/* End PBXNativeTarget section */

/* Begin PBXProject section */
		90B0460D2BDC5D16000718DC /* Project object */ = {
			isa = PBXProject;
			attributes = {
				BuildIndependentTargetsInParallel = 1;
				LastSwiftUpdateCheck = 1530;
				LastUpgradeCheck = 1530;
				TargetAttributes = {
					90B046142BDC5D16000718DC = {
						CreatedOnToolsVersion = 15.3;
					};
					90B046262BDC5D1B000718DC = {
						CreatedOnToolsVersion = 15.3;
						TestTargetID = 90B046142BDC5D16000718DC;
					};
					90B046302BDC5D1B000718DC = {
						CreatedOnToolsVersion = 15.3;
						TestTargetID = 90B046142BDC5D16000718DC;
					};
				};
			};
			buildConfigurationList = 90B046102BDC5D16000718DC /* Build configuration list for PBXProject "Eventbrite" */;
			compatibilityVersion = "Xcode 14.0";
			developmentRegion = en;
			hasScannedForEncodings = 0;
			knownRegions = (
				en,
				Base,
			);
			mainGroup = 90B0460C2BDC5D16000718DC;
			productRefGroup = 90B046162BDC5D16000718DC /* Products */;
			projectDirPath = "";
			projectRoot = "";
			targets = (
				90B046142BDC5D16000718DC /* Eventbrite */,
				90B046262BDC5D1B000718DC /* EventbriteTests */,
				90B046302BDC5D1B000718DC /* EventbriteUITests */,
			);
		};
/* End PBXProject section */

/* Begin PBXResourcesBuildPhase section */
		90B046132BDC5D16000718DC /* Resources */ = {
			isa = PBXResourcesBuildPhase;
			buildActionMask = 2147483647;
			files = (
				90B046222BDC5D1B000718DC /* Preview Assets.xcassets in Resources */,
				90B0461F2BDC5D1B000718DC /* Assets.xcassets in Resources */,
			);
			runOnlyForDeploymentPostprocessing = 0;
		};
		90B046252BDC5D1B000718DC /* Resources */ = {
			isa = PBXResourcesBuildPhase;
			buildActionMask = 2147483647;
			files = (
			);
			runOnlyForDeploymentPostprocessing = 0;
		};
		90B0462F2BDC5D1B000718DC /* Resources */ = {
			isa = PBXResourcesBuildPhase;
			buildActionMask = 2147483647;
			files = (
			);
			runOnlyForDeploymentPostprocessing = 0;
		};
/* End PBXResourcesBuildPhase section */

/* Begin PBXSourcesBuildPhase section */
		90B046112BDC5D16000718DC /* Sources */ = {
			isa = PBXSourcesBuildPhase;
			buildActionMask = 2147483647;
			files = (
				90B0461B2BDC5D16000718DC /* ContentView.swift in Sources */,
				90B0461D2BDC5D16000718DC /* Item.swift in Sources */,
				90B046192BDC5D16000718DC /* EventbriteApp.swift in Sources */,
			);
			runOnlyForDeploymentPostprocessing = 0;
		};
		90B046232BDC5D1B000718DC /* Sources */ = {
			isa = PBXSourcesBuildPhase;
			buildActionMask = 2147483647;
			files = (
				90B0462C2BDC5D1B000718DC /* EventbriteTests.swift in Sources */,
			);
			runOnlyForDeploymentPostprocessing = 0;
		};
		90B0462D2BDC5D1B000718DC /* Sources */ = {
			isa = PBXSourcesBuildPhase;
			buildActionMask = 2147483647;
			files = (
				90B046382BDC5D1B000718DC /* EventbriteUITestsLaunchTests.swift in Sources */,
				90B046362BDC5D1B000718DC /* EventbriteUITests.swift in Sources */,
			);
			runOnlyForDeploymentPostprocessing = 0;
		};
/* End PBXSourcesBuildPhase section */

/* Begin PBXTargetDependency section */
		90B046292BDC5D1B000718DC /* PBXTargetDependency */ = {
			isa = PBXTargetDependency;
			target = 90B046142BDC5D16000718DC /* Eventbrite */;
			targetProxy = 90B046282BDC5D1B000718DC /* PBXContainerItemProxy */;
		};
		90B046332BDC5D1B000718DC /* PBXTargetDependency */ = {
			isa = PBXTargetDependency;
			target = 90B046142BDC5D16000718DC /* Eventbrite */;
			targetProxy = 90B046322BDC5D1B000718DC /* PBXContainerItemProxy */;
		};
/* End PBXTargetDependency section */

/* Begin XCBuildConfiguration section */
		90B046392BDC5D1B000718DC /* Debug */ = {
			isa = XCBuildConfiguration;
			buildSettings = {
				ALWAYS_SEARCH_USER_PATHS = NO;
				ASSETCATALOG_COMPILER_GENERATE_SWIFT_ASSET_SYMBOL_EXTENSIONS = YES;
				CLANG_ANALYZER_NONNULL = YES;
				CLANG_ANALYZER_NUMBER_OBJECT_CONVERSION = YES_AGGRESSIVE;
				CLANG_CXX_LANGUAGE_STANDARD = "gnu++20";
				CLANG_ENABLE_MODULES = YES;
				CLANG_ENABLE_OBJC_ARC = YES;
				CLANG_ENABLE_OBJC_WEAK = YES;
				CLANG_WARN_BLOCK_CAPTURE_AUTORELEASING = YES;
				CLANG_WARN_BOOL_CONVERSION = YES;
				CLANG_WARN_COMMA = YES;
				CLANG_WARN_CONSTANT_CONVERSION = YES;
				CLANG_WARN_DEPRECATED_OBJC_IMPLEMENTATIONS = YES;
				CLANG_WARN_DIRECT_OBJC_ISA_USAGE = YES_ERROR;
				CLANG_WARN_DOCUMENTATION_COMMENTS = YES;
				CLANG_WARN_EMPTY_BODY = YES;
				CLANG_WARN_ENUM_CONVERSION = YES;
				CLANG_WARN_INFINITE_RECURSION = YES;
				CLANG_WARN_INT_CONVERSION = YES;
				CLANG_WARN_NON_LITERAL_NULL_CONVERSION = YES;
				CLANG_WARN_OBJC_IMPLICIT_RETAIN_SELF = YES;
				CLANG_WARN_OBJC_LITERAL_CONVERSION = YES;
				CLANG_WARN_OBJC_ROOT_CLASS = YES_ERROR;
				CLANG_WARN_QUOTED_INCLUDE_IN_FRAMEWORK_HEADER = YES;
				CLANG_WARN_RANGE_LOOP_ANALYSIS = YES;
				CLANG_WARN_STRICT_PROTOTYPES = YES;
				CLANG_WARN_SUSPICIOUS_MOVE = YES;
				CLANG_WARN_UNGUARDED_AVAILABILITY = YES_AGGRESSIVE;
				CLANG_WARN_UNREACHABLE_CODE = YES;
				CLANG_WARN__DUPLICATE_METHOD_MATCH = YES;
				COPY_PHASE_STRIP = NO;
				DEBUG_INFORMATION_FORMAT = dwarf;
				ENABLE_STRICT_OBJC_MSGSEND = YES;
				ENABLE_TESTABILITY = YES;
				ENABLE_USER_SCRIPT_SANDBOXING = YES;
				GCC_C_LANGUAGE_STANDARD = gnu17;
				GCC_DYNAMIC_NO_PIC = NO;
				GCC_NO_COMMON_BLOCKS = YES;
				GCC_OPTIMIZATION_LEVEL = 0;
				GCC_PREPROCESSOR_DEFINITIONS = (
					"DEBUG=1",
					"$(inherited)",
				);
				GCC_WARN_64_TO_32_BIT_CONVERSION = YES;
				GCC_WARN_ABOUT_RETURN_TYPE = YES_ERROR;
				GCC_WARN_UNDECLARED_SELECTOR = YES;
				GCC_WARN_UNINITIALIZED_AUTOS = YES_AGGRESSIVE;
				GCC_WARN_UNUSED_FUNCTION = YES;
				GCC_WARN_UNUSED_VARIABLE = YES;
				IPHONEOS_DEPLOYMENT_TARGET = 17.4;
				LOCALIZATION_PREFERS_STRING_CATALOGS = YES;
				MTL_ENABLE_DEBUG_INFO = INCLUDE_SOURCE;
				MTL_FAST_MATH = YES;
				ONLY_ACTIVE_ARCH = YES;
				SDKROOT = iphoneos;
				SWIFT_ACTIVE_COMPILATION_CONDITIONS = "DEBUG $(inherited)";
				SWIFT_OPTIMIZATION_LEVEL = "-Onone";
			};
			name = Debug;
		};
		90B0463A2BDC5D1B000718DC /* Release */ = {
			isa = XCBuildConfiguration;
			buildSettings = {
				ALWAYS_SEARCH_USER_PATHS = NO;
				ASSETCATALOG_COMPILER_GENERATE_SWIFT_ASSET_SYMBOL_EXTENSIONS = YES;
				CLANG_ANALYZER_NONNULL = YES;
				CLANG_ANALYZER_NUMBER_OBJECT_CONVERSION = YES_AGGRESSIVE;
				CLANG_CXX_LANGUAGE_STANDARD = "gnu++20";
				CLANG_ENABLE_MODULES = YES;
				CLANG_ENABLE_OBJC_ARC = YES;
				CLANG_ENABLE_OBJC_WEAK = YES;
				CLANG_WARN_BLOCK_CAPTURE_AUTORELEASING = YES;
				CLANG_WARN_BOOL_CONVERSION = YES;
				CLANG_WARN_COMMA = YES;
				CLANG_WARN_CONSTANT_CONVERSION = YES;
				CLANG_WARN_DEPRECATED_OBJC_IMPLEMENTATIONS = YES;
				CLANG_WARN_DIRECT_OBJC_ISA_USAGE = YES_ERROR;
				CLANG_WARN_DOCUMENTATION_COMMENTS = YES;
				CLANG_WARN_EMPTY_BODY = YES;
				CLANG_WARN_ENUM_CONVERSION = YES;
				CLANG_WARN_INFINITE_RECURSION = YES;
				CLANG_WARN_INT_CONVERSION = YES;
				CLANG_WARN_NON_LITERAL_NULL_CONVERSION = YES;
				CLANG_WARN_OBJC_IMPLICIT_RETAIN_SELF = YES;
				CLANG_WARN_OBJC_LITERAL_CONVERSION = YES;
				CLANG_WARN_OBJC_ROOT_CLASS = YES_ERROR;
				CLANG_WARN_QUOTED_INCLUDE_IN_FRAMEWORK_HEADER = YES;
				CLANG_WARN_RANGE_LOOP_ANALYSIS = YES;
				CLANG_WARN_STRICT_PROTOTYPES = YES;
				CLANG_WARN_SUSPICIOUS_MOVE = YES;
				CLANG_WARN_UNGUARDED_AVAILABILITY = YES_AGGRESSIVE;
				CLANG_WARN_UNREACHABLE_CODE = YES;
				CLANG_WARN__DUPLICATE_METHOD_MATCH = YES;
				COPY_PHASE_STRIP = NO;
				DEBUG_INFORMATION_FORMAT = "dwarf-with-dsym";
				ENABLE_NS_ASSERTIONS = NO;
				ENABLE_STRICT_OBJC_MSGSEND = YES;
				ENABLE_USER_SCRIPT_SANDBOXING = YES;
				GCC_C_LANGUAGE_STANDARD = gnu17;
				GCC_NO_COMMON_BLOCKS = YES;
				GCC_WARN_64_TO_32_BIT_CONVERSION = YES;
				GCC_WARN_ABOUT_RETURN_TYPE = YES_ERROR;
				GCC_WARN_UNDECLARED_SELECTOR = YES;
				GCC_WARN_UNINITIALIZED_AUTOS = YES_AGGRESSIVE;
				GCC_WARN_UNUSED_FUNCTION = YES;
				GCC_WARN_UNUSED_VARIABLE = YES;
				IPHONEOS_DEPLOYMENT_TARGET = 17.4;
				LOCALIZATION_PREFERS_STRING_CATALOGS = YES;
				MTL_ENABLE_DEBUG_INFO = NO;
				MTL_FAST_MATH = YES;
				SDKROOT = iphoneos;
				SWIFT_COMPILATION_MODE = wholemodule;
				VALIDATE_PRODUCT = YES;
			};
			name = Release;
		};
		90B0463C2BDC5D1B000718DC /* Debug */ = {
			isa = XCBuildConfiguration;
			buildSettings = {
				ASSETCATALOG_COMPILER_APPICON_NAME = AppIcon;
				ASSETCATALOG_COMPILER_GLOBAL_ACCENT_COLOR_NAME = AccentColor;
				CODE_SIGN_STYLE = Automatic;
				CURRENT_PROJECT_VERSION = 1;
				DEVELOPMENT_ASSET_PATHS = "\"Eventbrite/Preview Content\"";
				ENABLE_PREVIEWS = YES;
				GENERATE_INFOPLIST_FILE = YES;
				INFOPLIST_KEY_UIApplicationSceneManifest_Generation = YES;
				INFOPLIST_KEY_UIApplicationSupportsIndirectInputEvents = YES;
				INFOPLIST_KEY_UILaunchScreen_Generation = YES;
				INFOPLIST_KEY_UISupportedInterfaceOrientations_iPad = "UIInterfaceOrientationPortrait UIInterfaceOrientationPortraitUpsideDown UIInterfaceOrientationLandscapeLeft UIInterfaceOrientationLandscapeRight";
				INFOPLIST_KEY_UISupportedInterfaceOrientations_iPhone = "UIInterfaceOrientationPortrait UIInterfaceOrientationLandscapeLeft UIInterfaceOrientationLandscapeRight";
				LD_RUNPATH_SEARCH_PATHS = (
					"$(inherited)",
					"@executable_path/Frameworks",
				);
				MARKETING_VERSION = 1.0;
				PRODUCT_BUNDLE_IDENTIFIER = com.csudh.eventbrite.Eventbrite;
				PRODUCT_NAME = "$(TARGET_NAME)";
				SWIFT_EMIT_LOC_STRINGS = YES;
				SWIFT_VERSION = 5.0;
				TARGETED_DEVICE_FAMILY = "1,2";
			};
			name = Debug;
		};
		90B0463D2BDC5D1B000718DC /* Release */ = {
			isa = XCBuildConfiguration;
			buildSettings = {
				ASSETCATALOG_COMPILER_APPICON_NAME = AppIcon;
				ASSETCATALOG_COMPILER_GLOBAL_ACCENT_COLOR_NAME = AccentColor;
				CODE_SIGN_STYLE = Automatic;
				CURRENT_PROJECT_VERSION = 1;
				DEVELOPMENT_ASSET_PATHS = "\"Eventbrite/Preview Content\"";
				ENABLE_PREVIEWS = YES;
				GENERATE_INFOPLIST_FILE = YES;
				INFOPLIST_KEY_UIApplicationSceneManifest_Generation = YES;
				INFOPLIST_KEY_UIApplicationSupportsIndirectInputEvents = YES;
				INFOPLIST_KEY_UILaunchScreen_Generation = YES;
				INFOPLIST_KEY_UISupportedInterfaceOrientations_iPad = "UIInterfaceOrientationPortrait UIInterfaceOrientationPortraitUpsideDown UIInterfaceOrientationLandscapeLeft UIInterfaceOrientationLandscapeRight";
				INFOPLIST_KEY_UISupportedInterfaceOrientations_iPhone = "UIInterfaceOrientationPortrait UIInterfaceOrientationLandscapeLeft UIInterfaceOrientationLandscapeRight";
				LD_RUNPATH_SEARCH_PATHS = (
					"$(inherited)",
					"@executable_path/Frameworks",
				);
				MARKETING_VERSION = 1.0;
				PRODUCT_BUNDLE_IDENTIFIER = com.csudh.eventbrite.Eventbrite;
				PRODUCT_NAME = "$(TARGET_NAME)";
				SWIFT_EMIT_LOC_STRINGS = YES;
				SWIFT_VERSION = 5.0;
				TARGETED_DEVICE_FAMILY = "1,2";
			};
			name = Release;
		};
		90B0463F2BDC5D1B000718DC /* Debug */ = {
			isa = XCBuildConfiguration;
			buildSettings = {
				ALWAYS_EMBED_SWIFT_STANDARD_LIBRARIES = YES;
				BUNDLE_LOADER = "$(TEST_HOST)";
				CODE_SIGN_STYLE = Automatic;
				CURRENT_PROJECT_VERSION = 1;
				GENERATE_INFOPLIST_FILE = YES;
				IPHONEOS_DEPLOYMENT_TARGET = 17.4;
				MARKETING_VERSION = 1.0;
				PRODUCT_BUNDLE_IDENTIFIER = com.csudh.eventbrite.EventbriteTests;
				PRODUCT_NAME = "$(TARGET_NAME)";
				SWIFT_EMIT_LOC_STRINGS = NO;
				SWIFT_VERSION = 5.0;
				TARGETED_DEVICE_FAMILY = "1,2";
				TEST_HOST = "$(BUILT_PRODUCTS_DIR)/Eventbrite.app/$(BUNDLE_EXECUTABLE_FOLDER_PATH)/Eventbrite";
			};
			name = Debug;
		};
		90B046402BDC5D1B000718DC /* Release */ = {
			isa = XCBuildConfiguration;
			buildSettings = {
				ALWAYS_EMBED_SWIFT_STANDARD_LIBRARIES = YES;
				BUNDLE_LOADER = "$(TEST_HOST)";
				CODE_SIGN_STYLE = Automatic;
				CURRENT_PROJECT_VERSION = 1;
				GENERATE_INFOPLIST_FILE = YES;
				IPHONEOS_DEPLOYMENT_TARGET = 17.4;
				MARKETING_VERSION = 1.0;
				PRODUCT_BUNDLE_IDENTIFIER = com.csudh.eventbrite.EventbriteTests;
				PRODUCT_NAME = "$(TARGET_NAME)";
				SWIFT_EMIT_LOC_STRINGS = NO;
				SWIFT_VERSION = 5.0;
				TARGETED_DEVICE_FAMILY = "1,2";
				TEST_HOST = "$(BUILT_PRODUCTS_DIR)/Eventbrite.app/$(BUNDLE_EXECUTABLE_FOLDER_PATH)/Eventbrite";
			};
			name = Release;
		};
		90B046422BDC5D1B000718DC /* Debug */ = {
			isa = XCBuildConfiguration;
			buildSettings = {
				ALWAYS_EMBED_SWIFT_STANDARD_LIBRARIES = YES;
				CODE_SIGN_STYLE = Automatic;
				CURRENT_PROJECT_VERSION = 1;
				GENERATE_INFOPLIST_FILE = YES;
				MARKETING_VERSION = 1.0;
				PRODUCT_BUNDLE_IDENTIFIER = com.csudh.eventbrite.EventbriteUITests;
				PRODUCT_NAME = "$(TARGET_NAME)";
				SWIFT_EMIT_LOC_STRINGS = NO;
				SWIFT_VERSION = 5.0;
				TARGETED_DEVICE_FAMILY = "1,2";
				TEST_TARGET_NAME = Eventbrite;
			};
			name = Debug;
		};
		90B046432BDC5D1B000718DC /* Release */ = {
			isa = XCBuildConfiguration;
			buildSettings = {
				ALWAYS_EMBED_SWIFT_STANDARD_LIBRARIES = YES;
				CODE_SIGN_STYLE = Automatic;
				CURRENT_PROJECT_VERSION = 1;
				GENERATE_INFOPLIST_FILE = YES;
				MARKETING_VERSION = 1.0;
				PRODUCT_BUNDLE_IDENTIFIER = com.csudh.eventbrite.EventbriteUITests;
				PRODUCT_NAME = "$(TARGET_NAME)";
				SWIFT_EMIT_LOC_STRINGS = NO;
				SWIFT_VERSION = 5.0;
				TARGETED_DEVICE_FAMILY = "1,2";
				TEST_TARGET_NAME = Eventbrite;
			};
			name = Release;
		};
/* End XCBuildConfiguration section */

/* Begin XCConfigurationList section */
		90B046102BDC5D16000718DC /* Build configuration list for PBXProject "Eventbrite" */ = {
			isa = XCConfigurationList;
			buildConfigurations = (
				90B046392BDC5D1B000718DC /* Debug */,
				90B0463A2BDC5D1B000718DC /* Release */,
			);
			defaultConfigurationIsVisible = 0;
			defaultConfigurationName = Release;
		};
		90B0463B2BDC5D1B000718DC /* Build configuration list for PBXNativeTarget "Eventbrite" */ = {
			isa = XCConfigurationList;
			buildConfigurations = (
				90B0463C2BDC5D1B000718DC /* Debug */,
				90B0463D2BDC5D1B000718DC /* Release */,
			);
			defaultConfigurationIsVisible = 0;
			defaultConfigurationName = Release;
		};
		90B0463E2BDC5D1B000718DC /* Build configuration list for PBXNativeTarget "EventbriteTests" */ = {
			isa = XCConfigurationList;
			buildConfigurations = (
				90B0463F2BDC5D1B000718DC /* Debug */,
				90B046402BDC5D1B000718DC /* Release */,
			);
			defaultConfigurationIsVisible = 0;
			defaultConfigurationName = Release;
		};
		90B046412BDC5D1B000718DC /* Build configuration list for PBXNativeTarget "EventbriteUITests" */ = {
			isa = XCConfigurationList;
			buildConfigurations = (
				90B046422BDC5D1B000718DC /* Debug */,
				90B046432BDC5D1B000718DC /* Release */,
			);
			defaultConfigurationIsVisible = 0;
			defaultConfigurationName = Release;
		};
/* End XCConfigurationList section */
	};
	rootObject = 90B0460D2BDC5D16000718DC /* Project object */;
}
